
Microsoft Visual Studio Solution File, Format Version 12.00
# Visual Studio Version 17
VisualStudioVersion = 17.7.34031.279
MinimumVisualStudioVersion = 10.0.40219.1
Project("{FAE04EC0-301F-11D3-BF4B-00C04F79EFBC}") = "CircusTrainClassLibrary", "CircusTrain\CircusTrainClassLibrary.csproj", "{D4E83C2C-E6EE-4502-A510-29674DA0FBCD}"
EndProject
Project("{FAE04EC0-301F-11D3-BF4B-00C04F79EFBC}") = "CircusTrainConsole", "CircusTrainConsole\CircusTrainConsole.csproj", "{10F9161A-D90E-4F57-98EB-FA7BD2B748F5}"
EndProject
Project("{FAE04EC0-301F-11D3-BF4B-00C04F79EFBC}") = "CircusTrainWinForms", "CircusTrainWinForms\CircusTrainWinForms.csproj", "{346477BB-9064-4DB0-9836-4FF3DB196A5E}"
EndProject
Project("{FAE04EC0-301F-11D3-BF4B-00C04F79EFBC}") = "CircusTrainUnitTest", "CircusTrainUnitTest\CircusTrainUnitTest.csproj", "{1F349974-32B0-4814-B53D-262E4C22163D}"
EndProject
Global
	GlobalSection(SolutionConfigurationPlatforms) = preSolution
		Debug|Any CPU = Debug|Any CPU
		Release|Any CPU = Release|Any CPU
	EndGlobalSection
	GlobalSection(ProjectConfigurationPlatforms) = postSolution
		{D4E83C2C-E6EE-4502-A510-29674DA0FBCD}.Debug|Any CPU.ActiveCfg = Debug|Any CPU
		{D4E83C2C-E6EE-4502-A510-29674DA0FBCD}.Debug|Any CPU.Build.0 = Debug|Any CPU
		{D4E83C2C-E6EE-4502-A510-29674DA0FBCD}.Release|Any CPU.ActiveCfg = Release|Any CPU
		{D4E83C2C-E6EE-4502-A510-29674DA0FBCD}.Release|Any CPU.Build.0 = Release|Any CPU
		{10F9161A-D90E-4F57-98EB-FA7BD2B748F5}.Debug|Any CPU.ActiveCfg = Debug|Any CPU
		{10F9161A-D90E-4F57-98EB-FA7BD2B748F5}.Debug|Any CPU.Build.0 = Debug|Any CPU
		{10F9161A-D90E-4F57-98EB-FA7BD2B748F5}.Release|Any CPU.ActiveCfg = Release|Any CPU
		{10F9161A-D90E-4F57-98EB-FA7BD2B748F5}.Release|Any CPU.Build.0 = Release|Any CPU
		{346477BB-9064-4DB0-9836-4FF3DB196A5E}.Debug|Any CPU.ActiveCfg = Debug|Any CPU
		{346477BB-9064-4DB0-9836-4FF3DB196A5E}.Debug|Any CPU.Build.0 = Debug|Any CPU
		{346477BB-9064-4DB0-9836-4FF3DB196A5E}.Release|Any CPU.ActiveCfg = Release|Any CPU
		{346477BB-9064-4DB0-9836-4FF3DB196A5E}.Release|Any CPU.Build.0 = Release|Any CPU
		{1F349974-32B0-4814-B53D-262E4C22163D}.Debug|Any CPU.ActiveCfg = Debug|Any CPU
		{1F349974-32B0-4814-B53D-262E4C22163D}.Debug|Any CPU.Build.0 = Debug|Any CPU
		{1F349974-32B0-4814-B53D-262E4C22163D}.Release|Any CPU.ActiveCfg = Release|Any CPU
		{1F349974-32B0-4814-B53D-262E4C22163D}.Release|Any CPU.Build.0 = Release|Any CPU
	EndGlobalSection
	GlobalSection(SolutionProperties) = preSolution
		HideSolutionNode = FALSE
	EndGlobalSection
	GlobalSection(ExtensibilityGlobals) = postSolution
		SolutionGuid = {111A1159-A683-4CF3-BB8B-53BF8D870A26}
	EndGlobalSection
EndGlobal
